
Microsoft Visual Studio Solution File, Format Version 12.00
# Visual Studio Version 16
VisualStudioVersion = 16.0.31112.23
MinimumVisualStudioVersion = 10.0.40219.1
Project("{9A19103F-16F7-4668-BE54-9A1E7A4F7556}") = "Comments", "Comments\Comments.csproj", "{36E6114E-1230-488C-B609-8477A5EB4B7A}"
EndProject
Project("{9A19103F-16F7-4668-BE54-9A1E7A4F7556}") = "AppNode", "AppNode\AppNode.csproj", "{C6B43EC8-6F4D-4087-ADB7-00206B2069D2}"
EndProject
Project("{9092AA53-FB77-4645-B42D-1CCCA6BD08BD}") = "ViewComments", "ViewComments\ViewComments.njsproj", "{77E963CF-9D76-4693-A66E-D4DCD10EE69D}"
EndProject
Global
	GlobalSection(SolutionConfigurationPlatforms) = preSolution
		Debug|Any CPU = Debug|Any CPU
		Release|Any CPU = Release|Any CPU
	EndGlobalSection
	GlobalSection(ProjectConfigurationPlatforms) = postSolution
		{36E6114E-1230-488C-B609-8477A5EB4B7A}.Debug|Any CPU.ActiveCfg = Debug|Any CPU
		{36E6114E-1230-488C-B609-8477A5EB4B7A}.Debug|Any CPU.Build.0 = Debug|Any CPU
		{36E6114E-1230-488C-B609-8477A5EB4B7A}.Release|Any CPU.ActiveCfg = Release|Any CPU
		{36E6114E-1230-488C-B609-8477A5EB4B7A}.Release|Any CPU.Build.0 = Release|Any CPU
		{C6B43EC8-6F4D-4087-ADB7-00206B2069D2}.Debug|Any CPU.ActiveCfg = Debug|Any CPU
		{C6B43EC8-6F4D-4087-ADB7-00206B2069D2}.Debug|Any CPU.Build.0 = Debug|Any CPU
		{C6B43EC8-6F4D-4087-ADB7-00206B2069D2}.Release|Any CPU.ActiveCfg = Release|Any CPU
		{C6B43EC8-6F4D-4087-ADB7-00206B2069D2}.Release|Any CPU.Build.0 = Release|Any CPU
		{77E963CF-9D76-4693-A66E-D4DCD10EE69D}.Debug|Any CPU.ActiveCfg = Debug|Any CPU
		{77E963CF-9D76-4693-A66E-D4DCD10EE69D}.Debug|Any CPU.Build.0 = Debug|Any CPU
		{77E963CF-9D76-4693-A66E-D4DCD10EE69D}.Release|Any CPU.ActiveCfg = Release|Any CPU
		{77E963CF-9D76-4693-A66E-D4DCD10EE69D}.Release|Any CPU.Build.0 = Release|Any CPU
	EndGlobalSection
	GlobalSection(SolutionProperties) = preSolution
		HideSolutionNode = FALSE
	EndGlobalSection
	GlobalSection(ExtensibilityGlobals) = postSolution
		SolutionGuid = {9995BC2F-F280-4A6C-B127-A23D81187B2A}
	EndGlobalSection
EndGlobal
